
Microsoft Visual Studio Solution File, Format Version 12.00
# Visual Studio Version 17
VisualStudioVersion = 17.14.36518.9 d17.14
MinimumVisualStudioVersion = 10.0.40219.1
Project("{FAE04EC0-301F-11D3-BF4B-00C04F79EFBC}") = "LR1v6", "LR1v6.csproj", "{0C2A477E-635A-4086-91DF-A33326A25261}"
EndProject
Global
	GlobalSection(SolutionConfigurationPlatforms) = preSolution
		Debug|Any CPU = Debug|Any CPU
		Release|Any CPU = Release|Any CPU
	EndGlobalSection
	GlobalSection(ProjectConfigurationPlatforms) = postSolution
		{0C2A477E-635A-4086-91DF-A33326A25261}.Debug|Any CPU.ActiveCfg = Debug|Any CPU
		{0C2A477E-635A-4086-91DF-A33326A25261}.Debug|Any CPU.Build.0 = Debug|Any CPU
		{0C2A477E-635A-4086-91DF-A33326A25261}.Release|Any CPU.ActiveCfg = Release|Any CPU
		{0C2A477E-635A-4086-91DF-A33326A25261}.Release|Any CPU.Build.0 = Release|Any CPU
	EndGlobalSection
	GlobalSection(SolutionProperties) = preSolution
		HideSolutionNode = FALSE
	EndGlobalSection
	GlobalSection(ExtensibilityGlobals) = postSolution
		SolutionGuid = {983DD56B-089B-49D3-B67C-022FD0756D8B}
	EndGlobalSection
EndGlobal
