
Microsoft Visual Studio Solution File, Format Version 12.00
# Visual Studio Version 17
VisualStudioVersion = 17.13.35825.156 d17.13
MinimumVisualStudioVersion = 10.0.40219.1
Project("{FAE04EC0-301F-11D3-BF4B-00C04F79EFBC}") = "Zadacha1.1", "Zadacha1.1.csproj", "{B151E0F7-1285-456E-9CA4-B227E5564A61}"
EndProject
Global
	GlobalSection(SolutionConfigurationPlatforms) = preSolution
		Debug|Any CPU = Debug|Any CPU
		Release|Any CPU = Release|Any CPU
	EndGlobalSection
	GlobalSection(ProjectConfigurationPlatforms) = postSolution
		{B151E0F7-1285-456E-9CA4-B227E5564A61}.Debug|Any CPU.ActiveCfg = Debug|Any CPU
		{B151E0F7-1285-456E-9CA4-B227E5564A61}.Debug|Any CPU.Build.0 = Debug|Any CPU
		{B151E0F7-1285-456E-9CA4-B227E5564A61}.Release|Any CPU.ActiveCfg = Release|Any CPU
		{B151E0F7-1285-456E-9CA4-B227E5564A61}.Release|Any CPU.Build.0 = Release|Any CPU
	EndGlobalSection
	GlobalSection(SolutionProperties) = preSolution
		HideSolutionNode = FALSE
	EndGlobalSection
	GlobalSection(ExtensibilityGlobals) = postSolution
		SolutionGuid = {077539FC-F6B5-43FE-849B-1361EC2DBE33}
	EndGlobalSection
EndGlobal
