
Microsoft Visual Studio Solution File, Format Version 12.00
# Visual Studio Version 17
VisualStudioVersion = 17.13.35818.85 d17.13
MinimumVisualStudioVersion = 10.0.40219.1
Project("{FAE04EC0-301F-11D3-BF4B-00C04F79EFBC}") = "LR 3", "LR 3\LR 3.csproj", "{3E514894-D3EF-4729-B53D-3FA7917FDDA6}"
EndProject
Global
	GlobalSection(SolutionConfigurationPlatforms) = preSolution
		Debug|Any CPU = Debug|Any CPU
		Release|Any CPU = Release|Any CPU
	EndGlobalSection
	GlobalSection(ProjectConfigurationPlatforms) = postSolution
		{3E514894-D3EF-4729-B53D-3FA7917FDDA6}.Debug|Any CPU.ActiveCfg = Debug|Any CPU
		{3E514894-D3EF-4729-B53D-3FA7917FDDA6}.Debug|Any CPU.Build.0 = Debug|Any CPU
		{3E514894-D3EF-4729-B53D-3FA7917FDDA6}.Release|Any CPU.ActiveCfg = Release|Any CPU
		{3E514894-D3EF-4729-B53D-3FA7917FDDA6}.Release|Any CPU.Build.0 = Release|Any CPU
	EndGlobalSection
	GlobalSection(SolutionProperties) = preSolution
		HideSolutionNode = FALSE
	EndGlobalSection
	GlobalSection(ExtensibilityGlobals) = postSolution
		SolutionGuid = {5A267BA5-6426-406F-ADEC-223C3E7C983F}
	EndGlobalSection
EndGlobal
