
Microsoft Visual Studio Solution File, Format Version 12.00
# Visual Studio Version 17
VisualStudioVersion = 17.13.35825.156 d17.13
MinimumVisualStudioVersion = 10.0.40219.1
Project("{FAE04EC0-301F-11D3-BF4B-00C04F79EFBC}") = "arrrrey", "arrrrey.csproj", "{AB470DBD-BAB1-4B24-99FA-55A3A8ADCCD6}"
EndProject
Global
	GlobalSection(SolutionConfigurationPlatforms) = preSolution
		Debug|Any CPU = Debug|Any CPU
		Release|Any CPU = Release|Any CPU
	EndGlobalSection
	GlobalSection(ProjectConfigurationPlatforms) = postSolution
		{AB470DBD-BAB1-4B24-99FA-55A3A8ADCCD6}.Debug|Any CPU.ActiveCfg = Debug|Any CPU
		{AB470DBD-BAB1-4B24-99FA-55A3A8ADCCD6}.Debug|Any CPU.Build.0 = Debug|Any CPU
		{AB470DBD-BAB1-4B24-99FA-55A3A8ADCCD6}.Release|Any CPU.ActiveCfg = Release|Any CPU
		{AB470DBD-BAB1-4B24-99FA-55A3A8ADCCD6}.Release|Any CPU.Build.0 = Release|Any CPU
	EndGlobalSection
	GlobalSection(SolutionProperties) = preSolution
		HideSolutionNode = FALSE
	EndGlobalSection
	GlobalSection(ExtensibilityGlobals) = postSolution
		SolutionGuid = {834551AD-CBB9-48DA-937F-3271F57250E1}
	EndGlobalSection
EndGlobal
