
Microsoft Visual Studio Solution File, Format Version 12.00
# Visual Studio Version 17
VisualStudioVersion = 17.14.36518.9 d17.14
MinimumVisualStudioVersion = 10.0.40219.1
Project("{FAE04EC0-301F-11D3-BF4B-00C04F79EFBC}") = "LR2v6", "LR2v6.csproj", "{FDBBFB14-7527-4184-A5FE-D6B3F73EC62E}"
EndProject
Global
	GlobalSection(SolutionConfigurationPlatforms) = preSolution
		Debug|Any CPU = Debug|Any CPU
		Release|Any CPU = Release|Any CPU
	EndGlobalSection
	GlobalSection(ProjectConfigurationPlatforms) = postSolution
		{FDBBFB14-7527-4184-A5FE-D6B3F73EC62E}.Debug|Any CPU.ActiveCfg = Debug|Any CPU
		{FDBBFB14-7527-4184-A5FE-D6B3F73EC62E}.Debug|Any CPU.Build.0 = Debug|Any CPU
		{FDBBFB14-7527-4184-A5FE-D6B3F73EC62E}.Release|Any CPU.ActiveCfg = Release|Any CPU
		{FDBBFB14-7527-4184-A5FE-D6B3F73EC62E}.Release|Any CPU.Build.0 = Release|Any CPU
	EndGlobalSection
	GlobalSection(SolutionProperties) = preSolution
		HideSolutionNode = FALSE
	EndGlobalSection
	GlobalSection(ExtensibilityGlobals) = postSolution
		SolutionGuid = {74C0A3DE-C241-4D74-903D-42F5705AA3FB}
	EndGlobalSection
EndGlobal
