
Microsoft Visual Studio Solution File, Format Version 12.00
# Visual Studio Version 17
VisualStudioVersion = 17.14.36518.9 d17.14
MinimumVisualStudioVersion = 10.0.40219.1
Project("{FAE04EC0-301F-11D3-BF4B-00C04F79EFBC}") = "prac1", "prac1.csproj", "{46114893-38BF-4679-A4E0-5E95F03DFBC3}"
EndProject
Global
	GlobalSection(SolutionConfigurationPlatforms) = preSolution
		Debug|Any CPU = Debug|Any CPU
		Release|Any CPU = Release|Any CPU
	EndGlobalSection
	GlobalSection(ProjectConfigurationPlatforms) = postSolution
		{46114893-38BF-4679-A4E0-5E95F03DFBC3}.Debug|Any CPU.ActiveCfg = Debug|Any CPU
		{46114893-38BF-4679-A4E0-5E95F03DFBC3}.Debug|Any CPU.Build.0 = Debug|Any CPU
		{46114893-38BF-4679-A4E0-5E95F03DFBC3}.Release|Any CPU.ActiveCfg = Release|Any CPU
		{46114893-38BF-4679-A4E0-5E95F03DFBC3}.Release|Any CPU.Build.0 = Release|Any CPU
	EndGlobalSection
	GlobalSection(SolutionProperties) = preSolution
		HideSolutionNode = FALSE
	EndGlobalSection
	GlobalSection(ExtensibilityGlobals) = postSolution
		SolutionGuid = {B825CC36-0E6B-4B0D-AB15-B8DCFF0E838E}
	EndGlobalSection
EndGlobal
